
Microsoft Visual Studio Solution File, Format Version 12.00
# Visual Studio for Mac
Project("{FAE04EC0-301F-11D3-BF4B-00C04F79EFBC}") = "Assembly-CSharp", "Assembly-CSharp.csproj", "{564B3F38-93E9-6DB7-2EA0-F58F7BD6DECE}"
EndProject
Project("{FAE04EC0-301F-11D3-BF4B-00C04F79EFBC}") = "Assembly-CSharp-Editor", "Assembly-CSharp-Editor.csproj", "{B7304B10-C1E0-96A0-425F-8A1F7960F142}"
EndProject
Global
	GlobalSection(SolutionConfigurationPlatforms) = preSolution
		Debug|Any CPU = Debug|Any CPU
		Release|Any CPU = Release|Any CPU
	EndGlobalSection
	GlobalSection(ProjectConfigurationPlatforms) = postSolution
		{564B3F38-93E9-6DB7-2EA0-F58F7BD6DECE}.Debug|Any CPU.ActiveCfg = Debug|Any CPU
		{564B3F38-93E9-6DB7-2EA0-F58F7BD6DECE}.Debug|Any CPU.Build.0 = Debug|Any CPU
		{564B3F38-93E9-6DB7-2EA0-F58F7BD6DECE}.Release|Any CPU.ActiveCfg = Release|Any CPU
		{564B3F38-93E9-6DB7-2EA0-F58F7BD6DECE}.Release|Any CPU.Build.0 = Release|Any CPU
		{B7304B10-C1E0-96A0-425F-8A1F7960F142}.Debug|Any CPU.ActiveCfg = Debug|Any CPU
		{B7304B10-C1E0-96A0-425F-8A1F7960F142}.Debug|Any CPU.Build.0 = Debug|Any CPU
		{B7304B10-C1E0-96A0-425F-8A1F7960F142}.Release|Any CPU.ActiveCfg = Release|Any CPU
		{B7304B10-C1E0-96A0-425F-8A1F7960F142}.Release|Any CPU.Build.0 = Release|Any CPU
	EndGlobalSection
	GlobalSection(SolutionProperties) = preSolution
		HideSolutionNode = FALSE
	EndGlobalSection
EndGlobal
